
Microsoft Visual Studio Solution File, Format Version 12.00
# Visual Studio Version 17
VisualStudioVersion = 17.6.33723.286
MinimumVisualStudioVersion = 10.0.40219.1
Project("{9A19103F-16F7-4668-BE54-9A1E7A4F7556}") = "BusinessObjects", "BusinessObjects\BusinessObjects.csproj", "{DCA86D19-8E15-48CE-9290-901AB2B22A47}"
EndProject
Project("{9A19103F-16F7-4668-BE54-9A1E7A4F7556}") = "Data Access Layer", "Data Access Layer\Data Access Layer.csproj", "{CCB21369-42E1-4C18-A146-95978306EC26}"
EndProject
Project("{FAE04EC0-301F-11D3-BF4B-00C04F79EFBC}") = "authApi", "authApi\authApi.csproj", "{7DF098DA-94BE-4F72-80E4-E1CED43B4A62}"
EndProject
Global
	GlobalSection(SolutionConfigurationPlatforms) = preSolution
		Debug|Any CPU = Debug|Any CPU
		Release|Any CPU = Release|Any CPU
	EndGlobalSection
	GlobalSection(ProjectConfigurationPlatforms) = postSolution
		{DCA86D19-8E15-48CE-9290-901AB2B22A47}.Debug|Any CPU.ActiveCfg = Debug|Any CPU
		{DCA86D19-8E15-48CE-9290-901AB2B22A47}.Debug|Any CPU.Build.0 = Debug|Any CPU
		{DCA86D19-8E15-48CE-9290-901AB2B22A47}.Release|Any CPU.ActiveCfg = Release|Any CPU
		{DCA86D19-8E15-48CE-9290-901AB2B22A47}.Release|Any CPU.Build.0 = Release|Any CPU
		{CCB21369-42E1-4C18-A146-95978306EC26}.Debug|Any CPU.ActiveCfg = Debug|Any CPU
		{CCB21369-42E1-4C18-A146-95978306EC26}.Debug|Any CPU.Build.0 = Debug|Any CPU
		{CCB21369-42E1-4C18-A146-95978306EC26}.Release|Any CPU.ActiveCfg = Release|Any CPU
		{CCB21369-42E1-4C18-A146-95978306EC26}.Release|Any CPU.Build.0 = Release|Any CPU
		{7DF098DA-94BE-4F72-80E4-E1CED43B4A62}.Debug|Any CPU.ActiveCfg = Debug|Any CPU
		{7DF098DA-94BE-4F72-80E4-E1CED43B4A62}.Debug|Any CPU.Build.0 = Debug|Any CPU
		{7DF098DA-94BE-4F72-80E4-E1CED43B4A62}.Release|Any CPU.ActiveCfg = Release|Any CPU
		{7DF098DA-94BE-4F72-80E4-E1CED43B4A62}.Release|Any CPU.Build.0 = Release|Any CPU
	EndGlobalSection
	GlobalSection(SolutionProperties) = preSolution
		HideSolutionNode = FALSE
	EndGlobalSection
	GlobalSection(ExtensibilityGlobals) = postSolution
		SolutionGuid = {972E9756-602D-4885-B176-164D35612A0F}
	EndGlobalSection
EndGlobal
